{
  "lockfile_version": "1",
  "packages": {
    "github:NixOS/nixpkgs/nixpkgs-unstable": {
      "last_modified": "2025-04-23T03:04:08Z",
      "resolved": "github:NixOS/nixpkgs/507b63021ada5fee621b6ca371c4fca9ca46f52c?lastModified=1745377448&narHash=sha256-jhZDfXVKdD7TSEGgzFJQvEEZ2K65UMiqW5YJ2aIqxMA%3D"
    },
    "zig@0.14.0": {
      "last_modified": "2025-05-16T20:19:48Z",
      "resolved": "github:NixOS/nixpkgs/12a55407652e04dcf2309436eb06fef0d3713ef3#zig",
      "source": "devbox-search",
      "version": "0.14.0",
      "systems": {
        "aarch64-darwin": {
          "outputs": [
            {
              "name": "out",
              "path": "/nix/store/1v123fypk9k42ylkiczvf26ypqzzipb1-zig-0.14.0",
              "default": true
            },
            {
              "name": "doc",
              "path": "/nix/store/89n5km2nhs92vgxdqw7631q598m1wr08-zig-0.14.0-doc"
            }
          ],
          "store_path": "/nix/store/1v123fypk9k42ylkiczvf26ypqzzipb1-zig-0.14.0"
        },
        "aarch64-linux": {
          "outputs": [
            {
              "name": "out",
              "path": "/nix/store/zlmy7b42jyy7pdv5idmpgr0xbmw9bg6a-zig-0.14.0",
              "default": true
            },
            {
              "name": "doc",
              "path": "/nix/store/5ck64yanxrb9znmbqnjxqvxgfv92fzj1-zig-0.14.0-doc"
            }
          ],
          "store_path": "/nix/store/zlmy7b42jyy7pdv5idmpgr0xbmw9bg6a-zig-0.14.0"
        },
        "x86_64-darwin": {
          "outputs": [
            {
              "name": "out",
              "path": "/nix/store/ai3m5qfrcygnc8f1i26qd24w834x107n-zig-0.14.0",
              "default": true
            },
            {
              "name": "doc",
              "path": "/nix/store/84w5f0l70cg4qrbn5j45gdvlnkiqrjsx-zig-0.14.0-doc"
            }
          ],
          "store_path": "/nix/store/ai3m5qfrcygnc8f1i26qd24w834x107n-zig-0.14.0"
        },
        "x86_64-linux": {
          "outputs": [
            {
              "name": "out",
              "path": "/nix/store/hmmxm8rfbmdvcd45xi7h42zsyi4crbrb-zig-0.14.0",
              "default": true
            },
            {
              "name": "doc",
              "path": "/nix/store/m2npfjy6g1k5vji5bq7ax74hcgx2vg75-zig-0.14.0-doc"
            }
          ],
          "store_path": "/nix/store/hmmxm8rfbmdvcd45xi7h42zsyi4crbrb-zig-0.14.0"
        }
      }
    },
    "zls@0.13.0": {
      "last_modified": "2025-02-23T09:42:26Z",
      "resolved": "github:NixOS/nixpkgs/2d068ae5c6516b2d04562de50a58c682540de9bf#zls",
      "source": "devbox-search",
      "version": "0.13.0",
      "systems": {
        "aarch64-darwin": {
          "outputs": [
            {
              "name": "out",
              "path": "/nix/store/f87s2l0zb95mfrdyc51dlm2k9xqzf15a-zls-0.13.0",
              "default": true
            }
          ],
          "store_path": "/nix/store/f87s2l0zb95mfrdyc51dlm2k9xqzf15a-zls-0.13.0"
        },
        "aarch64-linux": {
          "outputs": [
            {
              "name": "out",
              "path": "/nix/store/f9czxnbc6k1j9va0xi1jki27hc6kzvnk-zls-0.13.0",
              "default": true
            }
          ],
          "store_path": "/nix/store/f9czxnbc6k1j9va0xi1jki27hc6kzvnk-zls-0.13.0"
        },
        "x86_64-darwin": {
          "outputs": [
            {
              "name": "out",
              "path": "/nix/store/p1jcw0cyhlixi96fmn40drsb8qlda4ya-zls-0.13.0",
              "default": true
            }
          ],
          "store_path": "/nix/store/p1jcw0cyhlixi96fmn40drsb8qlda4ya-zls-0.13.0"
        },
        "x86_64-linux": {
          "outputs": [
            {
              "name": "out",
              "path": "/nix/store/j3qpw7qh27nnzdbs8sp4wjva4nlch4kq-zls-0.13.0",
              "default": true
            }
          ],
          "store_path": "/nix/store/j3qpw7qh27nnzdbs8sp4wjva4nlch4kq-zls-0.13.0"
        }
      }
    }
  }
}
