{
  "lockfile_version": "1",
  "packages": {
    "github:NixOS/nixpkgs/nixpkgs-unstable": {
      "last_modified": "2025-05-26T00:03:27Z",
      "resolved": "github:NixOS/nixpkgs/3108eaa516ae22c2360928589731a4f1581526ef?lastModified=1748217807&narHash=sha256-P3u2PXxMlo49PutQLnk2PhI%2FimC69hFl1yY4aT5Nax8%3D"
    },
    "zig@0.14.0": {
      "last_modified": "2025-05-16T20:19:48Z",
      "resolved": "github:NixOS/nixpkgs/12a55407652e04dcf2309436eb06fef0d3713ef3#zig",
      "source": "devbox-search",
      "version": "0.14.0",
      "systems": {
        "aarch64-darwin": {
          "outputs": [
            {
              "name": "out",
              "path": "/nix/store/1v123fypk9k42ylkiczvf26ypqzzipb1-zig-0.14.0",
              "default": true
            },
            {
              "name": "doc",
              "path": "/nix/store/89n5km2nhs92vgxdqw7631q598m1wr08-zig-0.14.0-doc"
            }
          ],
          "store_path": "/nix/store/1v123fypk9k42ylkiczvf26ypqzzipb1-zig-0.14.0"
        },
        "aarch64-linux": {
          "outputs": [
            {
              "name": "out",
              "path": "/nix/store/zlmy7b42jyy7pdv5idmpgr0xbmw9bg6a-zig-0.14.0",
              "default": true
            },
            {
              "name": "doc",
              "path": "/nix/store/5ck64yanxrb9znmbqnjxqvxgfv92fzj1-zig-0.14.0-doc"
            }
          ],
          "store_path": "/nix/store/zlmy7b42jyy7pdv5idmpgr0xbmw9bg6a-zig-0.14.0"
        },
        "x86_64-darwin": {
          "outputs": [
            {
              "name": "out",
              "path": "/nix/store/ai3m5qfrcygnc8f1i26qd24w834x107n-zig-0.14.0",
              "default": true
            },
            {
              "name": "doc",
              "path": "/nix/store/84w5f0l70cg4qrbn5j45gdvlnkiqrjsx-zig-0.14.0-doc"
            }
          ],
          "store_path": "/nix/store/ai3m5qfrcygnc8f1i26qd24w834x107n-zig-0.14.0"
        },
        "x86_64-linux": {
          "outputs": [
            {
              "name": "out",
              "path": "/nix/store/hmmxm8rfbmdvcd45xi7h42zsyi4crbrb-zig-0.14.0",
              "default": true
            },
            {
              "name": "doc",
              "path": "/nix/store/m2npfjy6g1k5vji5bq7ax74hcgx2vg75-zig-0.14.0-doc"
            }
          ],
          "store_path": "/nix/store/hmmxm8rfbmdvcd45xi7h42zsyi4crbrb-zig-0.14.0"
        }
      }
    },
    "zls@0.14.0": {
      "last_modified": "2025-05-16T20:19:48Z",
      "resolved": "github:NixOS/nixpkgs/12a55407652e04dcf2309436eb06fef0d3713ef3#zls",
      "source": "devbox-search",
      "version": "0.14.0",
      "systems": {
        "aarch64-darwin": {
          "outputs": [
            {
              "name": "out",
              "path": "/nix/store/4ggs2rg2gl1f3fv0zymglz1ddh4yfhkf-zls-0.14.0",
              "default": true
            }
          ],
          "store_path": "/nix/store/4ggs2rg2gl1f3fv0zymglz1ddh4yfhkf-zls-0.14.0"
        },
        "aarch64-linux": {
          "outputs": [
            {
              "name": "out",
              "path": "/nix/store/8wm4h46wqia4wbm47hp8k33wi07ghw6l-zls-0.14.0",
              "default": true
            }
          ],
          "store_path": "/nix/store/8wm4h46wqia4wbm47hp8k33wi07ghw6l-zls-0.14.0"
        },
        "x86_64-darwin": {
          "outputs": [
            {
              "name": "out",
              "path": "/nix/store/s1y2lsv3cnxm697snhjkfmblbmpcwdfm-zls-0.14.0",
              "default": true
            }
          ],
          "store_path": "/nix/store/s1y2lsv3cnxm697snhjkfmblbmpcwdfm-zls-0.14.0"
        },
        "x86_64-linux": {
          "outputs": [
            {
              "name": "out",
              "path": "/nix/store/35pl7wlm14ddvh2ac8xzg4sws6p4d3am-zls-0.14.0",
              "default": true
            }
          ],
          "store_path": "/nix/store/35pl7wlm14ddvh2ac8xzg4sws6p4d3am-zls-0.14.0"
        }
      }
    }
  }
}
